
Microsoft Visual Studio Solution File, Format Version 12.00
# Visual Studio 15
VisualStudioVersion = 15.0.28307.421
MinimumVisualStudioVersion = 10.0.40219.1
Project("{8BC9CEB8-8B4A-11D0-8D11-00A0C91BC942}") = "Projet-Structure-de-Donnees", "Projet-Structure-de-Donnees.vcxproj", "{61E87668-8F29-4D9A-B20F-1140C5B941DA}"
EndProject
Global
	GlobalSection(SolutionConfigurationPlatforms) = preSolution
		Debug|x64 = Debug|x64
		Debug|x86 = Debug|x86
		Release|x64 = Release|x64
		Release|x86 = Release|x86
	EndGlobalSection
	GlobalSection(ProjectConfigurationPlatforms) = postSolution
		{61E87668-8F29-4D9A-B20F-1140C5B941DA}.Debug|x64.ActiveCfg = Debug|x64
		{61E87668-8F29-4D9A-B20F-1140C5B941DA}.Debug|x64.Build.0 = Debug|x64
		{61E87668-8F29-4D9A-B20F-1140C5B941DA}.Debug|x86.ActiveCfg = Debug|Win32
		{61E87668-8F29-4D9A-B20F-1140C5B941DA}.Debug|x86.Build.0 = Debug|Win32
		{61E87668-8F29-4D9A-B20F-1140C5B941DA}.Release|x64.ActiveCfg = Release|x64
		{61E87668-8F29-4D9A-B20F-1140C5B941DA}.Release|x64.Build.0 = Release|x64
		{61E87668-8F29-4D9A-B20F-1140C5B941DA}.Release|x86.ActiveCfg = Release|Win32
		{61E87668-8F29-4D9A-B20F-1140C5B941DA}.Release|x86.Build.0 = Release|Win32
	EndGlobalSection
	GlobalSection(SolutionProperties) = preSolution
		HideSolutionNode = FALSE
	EndGlobalSection
	GlobalSection(ExtensibilityGlobals) = postSolution
		SolutionGuid = {6115AB49-42D8-42A0-80E3-59496338066B}
	EndGlobalSection
EndGlobal
