
Microsoft Visual Studio Solution File, Format Version 12.00
# Visual Studio 15
VisualStudioVersion = 15.0.28307.489
MinimumVisualStudioVersion = 10.0.40219.1
Project("{8BC9CEB8-8B4A-11D0-8D11-00A0C91BC942}") = "VS 2017", "VS 2017\VS 2017.vcxproj", "{CFBF9D3B-611A-41FD-82BE-A80CC289318E}"
EndProject
Global
	GlobalSection(SolutionConfigurationPlatforms) = preSolution
		Debug|x64 = Debug|x64
		Debug|x86 = Debug|x86
		Release|x64 = Release|x64
		Release|x86 = Release|x86
	EndGlobalSection
	GlobalSection(ProjectConfigurationPlatforms) = postSolution
		{CFBF9D3B-611A-41FD-82BE-A80CC289318E}.Debug|x64.ActiveCfg = Debug|x64
		{CFBF9D3B-611A-41FD-82BE-A80CC289318E}.Debug|x64.Build.0 = Debug|x64
		{CFBF9D3B-611A-41FD-82BE-A80CC289318E}.Debug|x86.ActiveCfg = Debug|Win32
		{CFBF9D3B-611A-41FD-82BE-A80CC289318E}.Debug|x86.Build.0 = Debug|Win32
		{CFBF9D3B-611A-41FD-82BE-A80CC289318E}.Release|x64.ActiveCfg = Release|x64
		{CFBF9D3B-611A-41FD-82BE-A80CC289318E}.Release|x64.Build.0 = Release|x64
		{CFBF9D3B-611A-41FD-82BE-A80CC289318E}.Release|x86.ActiveCfg = Release|Win32
		{CFBF9D3B-611A-41FD-82BE-A80CC289318E}.Release|x86.Build.0 = Release|Win32
	EndGlobalSection
	GlobalSection(SolutionProperties) = preSolution
		HideSolutionNode = FALSE
	EndGlobalSection
	GlobalSection(ExtensibilityGlobals) = postSolution
		SolutionGuid = {9E495382-95E6-491A-A1C7-B6DE9FC44B52}
	EndGlobalSection
EndGlobal
